
Microsoft Visual Studio Solution File, Format Version 12.00
# Visual Studio Version 16
VisualStudioVersion = 16.0.29926.136
MinimumVisualStudioVersion = 10.0.40219.1
Project("{FAE04EC0-301F-11D3-BF4B-00C04F79EFBC}") = "Lab 2 Exercise VK 4-21-2020", "Lab 2 Exercise VK 4-21-2020\Lab 2 Exercise VK 4-21-2020.csproj", "{F91596D0-9739-4232-89F1-32597015AED9}"
EndProject
Global
	GlobalSection(SolutionConfigurationPlatforms) = preSolution
		Debug|Any CPU = Debug|Any CPU
		Release|Any CPU = Release|Any CPU
	EndGlobalSection
	GlobalSection(ProjectConfigurationPlatforms) = postSolution
		{F91596D0-9739-4232-89F1-32597015AED9}.Debug|Any CPU.ActiveCfg = Debug|Any CPU
		{F91596D0-9739-4232-89F1-32597015AED9}.Debug|Any CPU.Build.0 = Debug|Any CPU
		{F91596D0-9739-4232-89F1-32597015AED9}.Release|Any CPU.ActiveCfg = Release|Any CPU
		{F91596D0-9739-4232-89F1-32597015AED9}.Release|Any CPU.Build.0 = Release|Any CPU
	EndGlobalSection
	GlobalSection(SolutionProperties) = preSolution
		HideSolutionNode = FALSE
	EndGlobalSection
	GlobalSection(ExtensibilityGlobals) = postSolution
		SolutionGuid = {6BF81AA0-C756-4932-92E1-4EB52C2ED056}
	EndGlobalSection
EndGlobal
